
Microsoft Visual Studio Solution File, Format Version 12.00
# Visual Studio Version 17
VisualStudioVersion = 17.5.33627.172
MinimumVisualStudioVersion = 10.0.40219.1
Project("{9A19103F-16F7-4668-BE54-9A1E7A4F7556}") = "PaymentProcessor", "PaymentProcessor\PaymentProcessor.csproj", "{427FD415-C9D0-4C0E-9403-5AA02D63D6E4}"
EndProject
Project("{9A19103F-16F7-4668-BE54-9A1E7A4F7556}") = "ClientAuthorization", "ClientAuthorization\ClientAuthorization.csproj", "{441D60AF-D2EB-43DB-8DAC-F58602ABCC2D}"
EndProject
Project("{9A19103F-16F7-4668-BE54-9A1E7A4F7556}") = "ServiceMiddlewares", "ServiceMiddlewares\ServiceMiddlewares.csproj", "{B71067E7-C6B6-41CC-B290-4431EAB14F95}"
EndProject
Project("{2150E333-8FDC-42A3-9474-1A3956D46DE8}") = "Database", "Database", "{5257C3A2-828E-4F28-93D2-16B48220BE9E}"
EndProject
Project("{9A19103F-16F7-4668-BE54-9A1E7A4F7556}") = "Tests", "Tests\Tests.csproj", "{9861A930-09E3-4806-BFBA-63DDCE549016}"
EndProject
Project("{E53339B2-1760-4266-BCC7-CA923CBCF16C}") = "01-docker-compose", "01-docker-compose.dcproj", "{85194333-AA8A-4A61-ABB8-A14D44DDABF1}"
EndProject
Project("{2150E333-8FDC-42A3-9474-1A3956D46DE8}") = "Solution Items", "Solution Items", "{AA90D53D-4227-4B7C-9779-9C2AF848C5A3}"
	ProjectSection(SolutionItems) = preProject
		.editorconfig = .editorconfig
	EndProjectSection
EndProject
Global
	GlobalSection(SolutionConfigurationPlatforms) = preSolution
		Debug|Any CPU = Debug|Any CPU
		Release|Any CPU = Release|Any CPU
	EndGlobalSection
	GlobalSection(ProjectConfigurationPlatforms) = postSolution
		{427FD415-C9D0-4C0E-9403-5AA02D63D6E4}.Debug|Any CPU.ActiveCfg = Debug|Any CPU
		{427FD415-C9D0-4C0E-9403-5AA02D63D6E4}.Debug|Any CPU.Build.0 = Debug|Any CPU
		{427FD415-C9D0-4C0E-9403-5AA02D63D6E4}.Release|Any CPU.ActiveCfg = Release|Any CPU
		{427FD415-C9D0-4C0E-9403-5AA02D63D6E4}.Release|Any CPU.Build.0 = Release|Any CPU
		{441D60AF-D2EB-43DB-8DAC-F58602ABCC2D}.Debug|Any CPU.ActiveCfg = Debug|Any CPU
		{441D60AF-D2EB-43DB-8DAC-F58602ABCC2D}.Debug|Any CPU.Build.0 = Debug|Any CPU
		{441D60AF-D2EB-43DB-8DAC-F58602ABCC2D}.Release|Any CPU.ActiveCfg = Release|Any CPU
		{441D60AF-D2EB-43DB-8DAC-F58602ABCC2D}.Release|Any CPU.Build.0 = Release|Any CPU
		{B71067E7-C6B6-41CC-B290-4431EAB14F95}.Debug|Any CPU.ActiveCfg = Debug|Any CPU
		{B71067E7-C6B6-41CC-B290-4431EAB14F95}.Debug|Any CPU.Build.0 = Debug|Any CPU
		{B71067E7-C6B6-41CC-B290-4431EAB14F95}.Release|Any CPU.ActiveCfg = Release|Any CPU
		{B71067E7-C6B6-41CC-B290-4431EAB14F95}.Release|Any CPU.Build.0 = Release|Any CPU
		{9861A930-09E3-4806-BFBA-63DDCE549016}.Debug|Any CPU.ActiveCfg = Debug|Any CPU
		{9861A930-09E3-4806-BFBA-63DDCE549016}.Debug|Any CPU.Build.0 = Debug|Any CPU
		{9861A930-09E3-4806-BFBA-63DDCE549016}.Release|Any CPU.ActiveCfg = Release|Any CPU
		{9861A930-09E3-4806-BFBA-63DDCE549016}.Release|Any CPU.Build.0 = Release|Any CPU
		{85194333-AA8A-4A61-ABB8-A14D44DDABF1}.Debug|Any CPU.ActiveCfg = Debug|Any CPU
		{85194333-AA8A-4A61-ABB8-A14D44DDABF1}.Debug|Any CPU.Build.0 = Debug|Any CPU
		{85194333-AA8A-4A61-ABB8-A14D44DDABF1}.Release|Any CPU.ActiveCfg = Release|Any CPU
		{85194333-AA8A-4A61-ABB8-A14D44DDABF1}.Release|Any CPU.Build.0 = Release|Any CPU
	EndGlobalSection
	GlobalSection(SolutionProperties) = preSolution
		HideSolutionNode = FALSE
	EndGlobalSection
	GlobalSection(ExtensibilityGlobals) = postSolution
		SolutionGuid = {8BD0C816-DB70-48B2-838C-1B836BC65E67}
	EndGlobalSection
EndGlobal
